
Microsoft Visual Studio Solution File, Format Version 12.00
# Visual Studio Version 16
VisualStudioVersion = 16.0.32802.440
MinimumVisualStudioVersion = 10.0.40219.1
Project("{FAE04EC0-301F-11D3-BF4B-00C04F79EFBC}") = "Aplikasi Data Pegawai", "Aplikasi Data Pegawai.csproj", "{DBC70E6B-35BF-4732-80AD-5FCC8E941328}"
EndProject
Global
	GlobalSection(SolutionConfigurationPlatforms) = preSolution
		Debug|Any CPU = Debug|Any CPU
		Release|Any CPU = Release|Any CPU
	EndGlobalSection
	GlobalSection(ProjectConfigurationPlatforms) = postSolution
		{DBC70E6B-35BF-4732-80AD-5FCC8E941328}.Debug|Any CPU.ActiveCfg = Debug|Any CPU
		{DBC70E6B-35BF-4732-80AD-5FCC8E941328}.Debug|Any CPU.Build.0 = Debug|Any CPU
		{DBC70E6B-35BF-4732-80AD-5FCC8E941328}.Release|Any CPU.ActiveCfg = Release|Any CPU
		{DBC70E6B-35BF-4732-80AD-5FCC8E941328}.Release|Any CPU.Build.0 = Release|Any CPU
	EndGlobalSection
	GlobalSection(SolutionProperties) = preSolution
		HideSolutionNode = FALSE
	EndGlobalSection
	GlobalSection(ExtensibilityGlobals) = postSolution
		SolutionGuid = {3BA2C999-C5A2-40F4-99D1-E2F8A254A119}
	EndGlobalSection
EndGlobal
